
Microsoft Visual Studio Solution File, Format Version 12.00
Project("{FAE04EC0-301F-11D3-BF4B-00C04F79EFBC}") = "TodoList.Infrastructure", "TodoList.Infrastructure\TodoList.Infrastructure.csproj", "{1E1D47DA-2874-42EB-8604-9EDEE0FB144B}"
EndProject
Project("{FAE04EC0-301F-11D3-BF4B-00C04F79EFBC}") = "TodoList.Core", "TodoList.Core\TodoList.Core.csproj", "{D524EC28-B41A-41D6-B3FD-4A56082180A5}"
EndProject
Project("{FAE04EC0-301F-11D3-BF4B-00C04F79EFBC}") = "TodoList.WEB", "TodoList.WEB\TodoList.WEB.csproj", "{7AA4EAFB-F7BF-4D6E-A6B0-FBE6B5B4EB2D}"
EndProject
Global
	GlobalSection(SolutionConfigurationPlatforms) = preSolution
		Debug|Any CPU = Debug|Any CPU
		Release|Any CPU = Release|Any CPU
	EndGlobalSection
	GlobalSection(ProjectConfigurationPlatforms) = postSolution
		{1E1D47DA-2874-42EB-8604-9EDEE0FB144B}.Debug|Any CPU.ActiveCfg = Debug|Any CPU
		{1E1D47DA-2874-42EB-8604-9EDEE0FB144B}.Debug|Any CPU.Build.0 = Debug|Any CPU
		{1E1D47DA-2874-42EB-8604-9EDEE0FB144B}.Release|Any CPU.ActiveCfg = Release|Any CPU
		{1E1D47DA-2874-42EB-8604-9EDEE0FB144B}.Release|Any CPU.Build.0 = Release|Any CPU
		{D524EC28-B41A-41D6-B3FD-4A56082180A5}.Debug|Any CPU.ActiveCfg = Debug|Any CPU
		{D524EC28-B41A-41D6-B3FD-4A56082180A5}.Debug|Any CPU.Build.0 = Debug|Any CPU
		{D524EC28-B41A-41D6-B3FD-4A56082180A5}.Release|Any CPU.ActiveCfg = Release|Any CPU
		{D524EC28-B41A-41D6-B3FD-4A56082180A5}.Release|Any CPU.Build.0 = Release|Any CPU
		{7AA4EAFB-F7BF-4D6E-A6B0-FBE6B5B4EB2D}.Debug|Any CPU.ActiveCfg = Debug|Any CPU
		{7AA4EAFB-F7BF-4D6E-A6B0-FBE6B5B4EB2D}.Debug|Any CPU.Build.0 = Debug|Any CPU
		{7AA4EAFB-F7BF-4D6E-A6B0-FBE6B5B4EB2D}.Release|Any CPU.ActiveCfg = Release|Any CPU
		{7AA4EAFB-F7BF-4D6E-A6B0-FBE6B5B4EB2D}.Release|Any CPU.Build.0 = Release|Any CPU
	EndGlobalSection
EndGlobal
